<?xml version="1.0" encoding="utf-8"?>
<Project ToolsVersion="4.0" xmlns="http://schemas.microsoft.com/developer/msbuild/2003">
  <ItemGroup>
    <Filter Include="Source Files">
      <UniqueIdentifier>{4FC737F1-C7A5-4376-A066-2A32D752A2FF}</UniqueIdentifier>
      <Extensions>cpp;c;cc;cxx;def;odl;idl;hpj;bat;asm;asmx</Extensions>
    </Filter>
    <Filter Include="Header Files">
      <UniqueIdentifier>{93995380-89BD-4b04-88EB-625FBE52EBFB}</UniqueIdentifier>
      <Extensions>h;hh;hpp;hxx;hm;inl;inc;xsd</Extensions>
    </Filter>
    <Filter Include="Resource Files">
      <UniqueIdentifier>{67DA6AB6-F800-4c08-8B7A-83BB121AAD01}</UniqueIdentifier>
      <Extensions>rc;ico;cur;bmp;dlg;rc2;rct;bin;rgs;gif;jpg;jpeg;jpe;resx;tiff;tif;png;wav;mfcribbon-ms</Extensions>
    </Filter>
    <Filter Include="Source Files\PugiXML">
      <UniqueIdentifier>{b84f2ffe-0697-4e4c-9b6c-3fbd59b06bdd}</UniqueIdentifier>
    </Filter>
  </ItemGroup>
  <ItemGroup>
    <ClCompile Include="Main.cpp">
      <Filter>Source Files</Filter>
    </ClCompile>
    <ClCompile Include="RemoteThread.cpp">
      <Filter>Source Files</Filter>
    </ClCompile>
    <ClCompile Include="ProcessorMap.cpp">
      <Filter>Source Files</Filter>
    </ClCompile>
    <ClCompile Include="ProcessorMap_Group.cpp">
      <Filter>Source Files</Filter>
    </ClCompile>
    <ClCompile Include="Configuration.cpp">
      <Filter>Source Files</Filter>
    </ClCompile>
    <ClCompile Include="WindowMain.cpp">
      <Filter>Source Files</Filter>
    </ClCompile>
    <ClCompile Include="ProcessorMap_GroupCounter.cpp">
      <Filter>Source Files</Filter>
    </ClCompile>
    <ClCompile Include="ProcessorMap_Flag.cpp">
      <Filter>Source Files</Filter>
    </ClCompile>
    <ClCompile Include="ProcessorMap_FlagCounter.cpp">
      <Filter>Source Files</Filter>
    </ClCompile>
    <ClCompile Include="ProcessorMap_GroupFlag.cpp">
      <Filter>Source Files</Filter>
    </ClCompile>
    <ClCompile Include="ProcessorMap_Processor.cpp">
      <Filter>Source Files</Filter>
    </ClCompile>
    <ClCompile Include="ControlHelpers.cpp">
      <Filter>Source Files</Filter>
    </ClCompile>
    <ClCompile Include="ProcessFactory.cpp">
      <Filter>Source Files</Filter>
    </ClCompile>
    <ClCompile Include="RemoteProcess.cpp">
      <Filter>Source Files</Filter>
    </ClCompile>
    <ClCompile Include="WindowPConfig.cpp">
      <Filter>Source Files</Filter>
    </ClCompile>
    <ClCompile Include="pugixml-1.9\src\pugixml.cpp">
      <Filter>Source Files\PugiXML</Filter>
    </ClCompile>
  </ItemGroup>
  <ItemGroup>
    <ClInclude Include="RemoteThread.h">
      <Filter>Header Files</Filter>
    </ClInclude>
    <ClInclude Include="Configuration.h">
      <Filter>Header Files</Filter>
    </ClInclude>
    <ClInclude Include="ProcessorMap.h">
      <Filter>Header Files</Filter>
    </ClInclude>
    <ClInclude Include="ProcessorMap_Group.h">
      <Filter>Header Files</Filter>
    </ClInclude>
    <ClInclude Include="ProcessorMap_Processor.h">
      <Filter>Header Files</Filter>
    </ClInclude>
    <ClInclude Include="ProcessorMap_Flag.h">
      <Filter>Header Files</Filter>
    </ClInclude>
    <ClInclude Include="ProcessorMap_GroupFlag.h">
      <Filter>Header Files</Filter>
    </ClInclude>
    <ClInclude Include="ProcessorMap_FlagCounter.h">
      <Filter>Header Files</Filter>
    </ClInclude>
    <ClInclude Include="ProcessorMap_GroupCounter.h">
      <Filter>Header Files</Filter>
    </ClInclude>
    <ClInclude Include="NTUndocumented.h">
      <Filter>Header Files</Filter>
    </ClInclude>
    <ClInclude Include="ProcessorMap_Types.h">
      <Filter>Header Files</Filter>
    </ClInclude>
    <ClInclude Include="WindowMain.h">
      <Filter>Header Files</Filter>
    </ClInclude>
    <ClInclude Include="resource.h">
      <Filter>Header Files</Filter>
    </ClInclude>
    <ClInclude Include="DPI.h">
      <Filter>Header Files</Filter>
    </ClInclude>
    <ClInclude Include="ControlHelpers.h">
      <Filter>Header Files</Filter>
    </ClInclude>
    <ClInclude Include="ProcessFactory.h">
      <Filter>Header Files</Filter>
    </ClInclude>
    <ClInclude Include="RemoteProcess.h">
      <Filter>Header Files</Filter>
    </ClInclude>
    <ClInclude Include="WindowPConfig.h">
      <Filter>Header Files</Filter>
    </ClInclude>
    <ClInclude Include="ConfigurationObjects.h">
      <Filter>Header Files</Filter>
    </ClInclude>
    <ClInclude Include="Configuration_Types.h">
      <Filter>Header Files</Filter>
    </ClInclude>
  </ItemGroup>
  <ItemGroup>
    <ResourceCompile Include="ThreadTest.rc">
      <Filter>Resource Files</Filter>
    </ResourceCompile>
  </ItemGroup>
  <ItemGroup>
    <Image Include="icons\icon_processor.ico">
      <Filter>Resource Files</Filter>
    </Image>
    <Image Include="icons\single_gear.ico">
      <Filter>Resource Files</Filter>
    </Image>
  </ItemGroup>
</Project>